
Microsoft Visual Studio Solution File, Format Version 12.00
# Visual Studio 15
VisualStudioVersion = 15.0.28010.2048
MinimumVisualStudioVersion = 10.0.40219.1
Project("{9A19103F-16F7-4668-BE54-9A1E7A4F7556}") = "WebSampleWithDataAccess", "WebSampleWithDataAccess\WebSampleWithDataAccess.csproj", "{BDF3C227-BC90-44D8-8B55-C8988882BB1A}"
EndProject
Project("{FAE04EC0-301F-11D3-BF4B-00C04F79EFBC}") = "UnitTestProject", "UnitTestProject\UnitTestProject.csproj", "{D3E62A57-580C-4C20-9E00-8F41F9769CFE}"
EndProject
Global
	GlobalSection(SolutionConfigurationPlatforms) = preSolution
		Debug|Any CPU = Debug|Any CPU
		Release|Any CPU = Release|Any CPU
	EndGlobalSection
	GlobalSection(ProjectConfigurationPlatforms) = postSolution
		{BDF3C227-BC90-44D8-8B55-C8988882BB1A}.Debug|Any CPU.ActiveCfg = Debug|Any CPU
		{BDF3C227-BC90-44D8-8B55-C8988882BB1A}.Debug|Any CPU.Build.0 = Debug|Any CPU
		{BDF3C227-BC90-44D8-8B55-C8988882BB1A}.Release|Any CPU.ActiveCfg = Release|Any CPU
		{BDF3C227-BC90-44D8-8B55-C8988882BB1A}.Release|Any CPU.Build.0 = Release|Any CPU
		{D3E62A57-580C-4C20-9E00-8F41F9769CFE}.Debug|Any CPU.ActiveCfg = Debug|Any CPU
		{D3E62A57-580C-4C20-9E00-8F41F9769CFE}.Debug|Any CPU.Build.0 = Debug|Any CPU
		{D3E62A57-580C-4C20-9E00-8F41F9769CFE}.Release|Any CPU.ActiveCfg = Release|Any CPU
		{D3E62A57-580C-4C20-9E00-8F41F9769CFE}.Release|Any CPU.Build.0 = Release|Any CPU
	EndGlobalSection
	GlobalSection(SolutionProperties) = preSolution
		HideSolutionNode = FALSE
	EndGlobalSection
	GlobalSection(ExtensibilityGlobals) = postSolution
		SolutionGuid = {B63BD95D-199A-4482-B704-0549080282CC}
	EndGlobalSection
EndGlobal
